{
  "requires": true,
  "lockfileVersion": 1,
  "dependencies": {
    "inherits": {
      "version": "2.0.3",
      "resolved": "https://registry.npmjs.org/inherits/-/inherits-2.0.3.tgz",
      "integrity": "sha1-Yzwsg+PaQqUC9SRmAiSA9CCCYd4="
    },
    "passthrough-encoding": {
      "version": "1.2.0",
      "resolved": "https://registry.npmjs.org/passthrough-encoding/-/passthrough-encoding-1.2.0.tgz",
      "integrity": "sha1-4v4ItRxsHGA4vaWkczLY3RBrXII="
    },
    "udp-request": {
      "version": "1.5.0",
      "resolved": "https://registry.npmjs.org/udp-request/-/udp-request-1.5.0.tgz",
      "integrity": "sha512-DAeGTyZbZKQ5Q+suwr73Blq0qjkZiDPnQCNRshspOReJaLWr6sv41sKmkk1yQynUPyuEZy/LIAzXpbvxVXJ2Pg==",
      "requires": {
        "inherits": "2.0.3",
        "passthrough-encoding": "1.2.0"
      }
    }
  }
}
